
Microsoft Visual Studio Solution File, Format Version 12.00
# Visual Studio Version 16
VisualStudioVersion = 16.0.29709.97
MinimumVisualStudioVersion = 10.0.40219.1
Project("{9A19103F-16F7-4668-BE54-9A1E7A4F7556}") = "list-tutorial", "list-tutorial.csproj", "{5AA08B1C-1F32-4EA3-9B98-08FB6D787885}"
EndProject
Global
	GlobalSection(SolutionConfigurationPlatforms) = preSolution
		Debug|Any CPU = Debug|Any CPU
		Release|Any CPU = Release|Any CPU
	EndGlobalSection
	GlobalSection(ProjectConfigurationPlatforms) = postSolution
		{5AA08B1C-1F32-4EA3-9B98-08FB6D787885}.Debug|Any CPU.ActiveCfg = Debug|Any CPU
		{5AA08B1C-1F32-4EA3-9B98-08FB6D787885}.Debug|Any CPU.Build.0 = Debug|Any CPU
		{5AA08B1C-1F32-4EA3-9B98-08FB6D787885}.Release|Any CPU.ActiveCfg = Release|Any CPU
		{5AA08B1C-1F32-4EA3-9B98-08FB6D787885}.Release|Any CPU.Build.0 = Release|Any CPU
	EndGlobalSection
	GlobalSection(SolutionProperties) = preSolution
		HideSolutionNode = FALSE
	EndGlobalSection
	GlobalSection(ExtensibilityGlobals) = postSolution
		SolutionGuid = {33A40E1E-89D1-4917-9410-EDD3953D8DE5}
	EndGlobalSection
EndGlobal
